// !$*UTF8*$!
{
	archiveVersion = 1;
	classes = {
	};
	objectVersion = 46;
	objects = {

/* Begin PBXBuildFile section */
		8CB36D6D199C2033005804C4 /* LOLContactsListViewController.m in Sources */ = {isa = PBXBuildFile; fileRef = 8CB36D6C199C2033005804C4 /* LOLContactsListViewController.m */; };
		8CBA8F2019A5696B0056C5DD /* LOLContactOnMapViewController.m in Sources */ = {isa = PBXBuildFile; fileRef = 8CBA8F1E19A5696B0056C5DD /* LOLContactOnMapViewController.m */; };
		8CBA8F2119A5696B0056C5DD /* LOLContactOnMapViewController.xib in Resources */ = {isa = PBXBuildFile; fileRef = 8CBA8F1F19A5696B0056C5DD /* LOLContactOnMapViewController.xib */; };
		8CBA8F2319A56A1D0056C5DD /* MapKit.framework in Frameworks */ = {isa = PBXBuildFile; fileRef = 8CBA8F2219A56A1D0056C5DD /* MapKit.framework */; };
		8CC4ACB119A2D46500D70ABE /* MessageUI.framework in Frameworks */ = {isa = PBXBuildFile; fileRef = 8CC4ACB019A2D46500D70ABE /* MessageUI.framework */; };
		8CF39A41199ACCA200603EF4 /* Foundation.framework in Frameworks */ = {isa = PBXBuildFile; fileRef = 8CF39A40199ACCA200603EF4 /* Foundation.framework */; };
		8CF39A43199ACCA200603EF4 /* CoreGraphics.framework in Frameworks */ = {isa = PBXBuildFile; fileRef = 8CF39A42199ACCA200603EF4 /* CoreGraphics.framework */; };
		8CF39A45199ACCA200603EF4 /* UIKit.framework in Frameworks */ = {isa = PBXBuildFile; fileRef = 8CF39A44199ACCA200603EF4 /* UIKit.framework */; };
		8CF39A4B199ACCA200603EF4 /* InfoPlist.strings in Resources */ = {isa = PBXBuildFile; fileRef = 8CF39A49199ACCA200603EF4 /* InfoPlist.strings */; };
		8CF39A4D199ACCA200603EF4 /* main.m in Sources */ = {isa = PBXBuildFile; fileRef = 8CF39A4C199ACCA200603EF4 /* main.m */; };
		8CF39A51199ACCA200603EF4 /* LOLAppDelegate.m in Sources */ = {isa = PBXBuildFile; fileRef = 8CF39A50199ACCA200603EF4 /* LOLAppDelegate.m */; };
		8CF39A53199ACCA200603EF4 /* Images.xcassets in Resources */ = {isa = PBXBuildFile; fileRef = 8CF39A52199ACCA200603EF4 /* Images.xcassets */; };
		8CF39A5A199ACCA200603EF4 /* XCTest.framework in Frameworks */ = {isa = PBXBuildFile; fileRef = 8CF39A59199ACCA200603EF4 /* XCTest.framework */; };
		8CF39A5B199ACCA200603EF4 /* Foundation.framework in Frameworks */ = {isa = PBXBuildFile; fileRef = 8CF39A40199ACCA200603EF4 /* Foundation.framework */; };
		8CF39A5C199ACCA200603EF4 /* UIKit.framework in Frameworks */ = {isa = PBXBuildFile; fileRef = 8CF39A44199ACCA200603EF4 /* UIKit.framework */; };
		8CF39A64199ACCA200603EF4 /* InfoPlist.strings in Resources */ = {isa = PBXBuildFile; fileRef = 8CF39A62199ACCA200603EF4 /* InfoPlist.strings */; };
		8CF39A66199ACCA200603EF4 /* ContactsTests.m in Sources */ = {isa = PBXBuildFile; fileRef = 8CF39A65199ACCA200603EF4 /* ContactsTests.m */; };
		8CF39A72199ACF8100603EF4 /* LOLContactFormViewController.m in Sources */ = {isa = PBXBuildFile; fileRef = 8CF39A70199ACF8100603EF4 /* LOLContactFormViewController.m */; };
		8CF39A73199ACF8100603EF4 /* LOLContactFormViewController.xib in Resources */ = {isa = PBXBuildFile; fileRef = 8CF39A71199ACF8100603EF4 /* LOLContactFormViewController.xib */; };
		8CF39A76199AE29B00603EF4 /* LOLContact.m in Sources */ = {isa = PBXBuildFile; fileRef = 8CF39A75199AE29B00603EF4 /* LOLContact.m */; };
		C38A230ABAE84525B6098DE5 /* libPods-Contacts.a in Frameworks */ = {isa = PBXBuildFile; fileRef = A80D3D21EAC14E4B92505416 /* libPods-Contacts.a */; };
/* End PBXBuildFile section */

/* Begin PBXContainerItemProxy section */
		8CF39A5D199ACCA200603EF4 /* PBXContainerItemProxy */ = {
			isa = PBXContainerItemProxy;
			containerPortal = 8CF39A35199ACCA200603EF4 /* Project object */;
			proxyType = 1;
			remoteGlobalIDString = 8CF39A3C199ACCA200603EF4;
			remoteInfo = Contacts;
		};
/* End PBXContainerItemProxy section */

/* Begin PBXFileReference section */
		8CB36D6B199C2033005804C4 /* LOLContactsListViewController.h */ = {isa = PBXFileReference; fileEncoding = 4; lastKnownFileType = sourcecode.c.h; path = LOLContactsListViewController.h; sourceTree = "<group>"; };
		8CB36D6C199C2033005804C4 /* LOLContactsListViewController.m */ = {isa = PBXFileReference; fileEncoding = 4; lastKnownFileType = sourcecode.c.objc; path = LOLContactsListViewController.m; sourceTree = "<group>"; };
		8CBA8F1D19A5696B0056C5DD /* LOLContactOnMapViewController.h */ = {isa = PBXFileReference; fileEncoding = 4; lastKnownFileType = sourcecode.c.h; path = LOLContactOnMapViewController.h; sourceTree = "<group>"; };
		8CBA8F1E19A5696B0056C5DD /* LOLContactOnMapViewController.m */ = {isa = PBXFileReference; fileEncoding = 4; lastKnownFileType = sourcecode.c.objc; path = LOLContactOnMapViewController.m; sourceTree = "<group>"; };
		8CBA8F1F19A5696B0056C5DD /* LOLContactOnMapViewController.xib */ = {isa = PBXFileReference; fileEncoding = 4; lastKnownFileType = file.xib; path = LOLContactOnMapViewController.xib; sourceTree = "<group>"; };
		8CBA8F2219A56A1D0056C5DD /* MapKit.framework */ = {isa = PBXFileReference; lastKnownFileType = wrapper.framework; name = MapKit.framework; path = System/Library/Frameworks/MapKit.framework; sourceTree = SDKROOT; };
		8CC4ACB019A2D46500D70ABE /* MessageUI.framework */ = {isa = PBXFileReference; lastKnownFileType = wrapper.framework; name = MessageUI.framework; path = System/Library/Frameworks/MessageUI.framework; sourceTree = SDKROOT; };
		8CF39A3D199ACCA200603EF4 /* Contacts.app */ = {isa = PBXFileReference; explicitFileType = wrapper.application; includeInIndex = 0; path = Contacts.app; sourceTree = BUILT_PRODUCTS_DIR; };
		8CF39A40199ACCA200603EF4 /* Foundation.framework */ = {isa = PBXFileReference; lastKnownFileType = wrapper.framework; name = Foundation.framework; path = System/Library/Frameworks/Foundation.framework; sourceTree = SDKROOT; };
		8CF39A42199ACCA200603EF4 /* CoreGraphics.framework */ = {isa = PBXFileReference; lastKnownFileType = wrapper.framework; name = CoreGraphics.framework; path = System/Library/Frameworks/CoreGraphics.framework; sourceTree = SDKROOT; };
		8CF39A44199ACCA200603EF4 /* UIKit.framework */ = {isa = PBXFileReference; lastKnownFileType = wrapper.framework; name = UIKit.framework; path = System/Library/Frameworks/UIKit.framework; sourceTree = SDKROOT; };
		8CF39A48199ACCA200603EF4 /* Contacts-Info.plist */ = {isa = PBXFileReference; lastKnownFileType = text.plist.xml; path = "Contacts-Info.plist"; sourceTree = "<group>"; };
		8CF39A4A199ACCA200603EF4 /* en */ = {isa = PBXFileReference; lastKnownFileType = text.plist.strings; name = en; path = en.lproj/InfoPlist.strings; sourceTree = "<group>"; };
		8CF39A4C199ACCA200603EF4 /* main.m */ = {isa = PBXFileReference; lastKnownFileType = sourcecode.c.objc; path = main.m; sourceTree = "<group>"; };
		8CF39A4E199ACCA200603EF4 /* Contacts-Prefix.pch */ = {isa = PBXFileReference; lastKnownFileType = sourcecode.c.h; path = "Contacts-Prefix.pch"; sourceTree = "<group>"; };
		8CF39A4F199ACCA200603EF4 /* LOLAppDelegate.h */ = {isa = PBXFileReference; lastKnownFileType = sourcecode.c.h; path = LOLAppDelegate.h; sourceTree = "<group>"; };
		8CF39A50199ACCA200603EF4 /* LOLAppDelegate.m */ = {isa = PBXFileReference; lastKnownFileType = sourcecode.c.objc; path = LOLAppDelegate.m; sourceTree = "<group>"; };
		8CF39A52199ACCA200603EF4 /* Images.xcassets */ = {isa = PBXFileReference; lastKnownFileType = folder.assetcatalog; path = Images.xcassets; sourceTree = "<group>"; };
		8CF39A58199ACCA200603EF4 /* ContactsTests.xctest */ = {isa = PBXFileReference; explicitFileType = wrapper.cfbundle; includeInIndex = 0; path = ContactsTests.xctest; sourceTree = BUILT_PRODUCTS_DIR; };
		8CF39A59199ACCA200603EF4 /* XCTest.framework */ = {isa = PBXFileReference; lastKnownFileType = wrapper.framework; name = XCTest.framework; path = Library/Frameworks/XCTest.framework; sourceTree = DEVELOPER_DIR; };
		8CF39A61199ACCA200603EF4 /* ContactsTests-Info.plist */ = {isa = PBXFileReference; lastKnownFileType = text.plist.xml; path = "ContactsTests-Info.plist"; sourceTree = "<group>"; };
		8CF39A63199ACCA200603EF4 /* en */ = {isa = PBXFileReference; lastKnownFileType = text.plist.strings; name = en; path = en.lproj/InfoPlist.strings; sourceTree = "<group>"; };
		8CF39A65199ACCA200603EF4 /* ContactsTests.m */ = {isa = PBXFileReference; lastKnownFileType = sourcecode.c.objc; path = ContactsTests.m; sourceTree = "<group>"; };
		8CF39A6F199ACF8100603EF4 /* LOLContactFormViewController.h */ = {isa = PBXFileReference; fileEncoding = 4; lastKnownFileType = sourcecode.c.h; path = LOLContactFormViewController.h; sourceTree = "<group>"; };
		8CF39A70199ACF8100603EF4 /* LOLContactFormViewController.m */ = {isa = PBXFileReference; fileEncoding = 4; lastKnownFileType = sourcecode.c.objc; path = LOLContactFormViewController.m; sourceTree = "<group>"; };
		8CF39A71199ACF8100603EF4 /* LOLContactFormViewController.xib */ = {isa = PBXFileReference; fileEncoding = 4; lastKnownFileType = file.xib; path = LOLContactFormViewController.xib; sourceTree = "<group>"; };
		8CF39A74199AE29B00603EF4 /* LOLContact.h */ = {isa = PBXFileReference; fileEncoding = 4; lastKnownFileType = sourcecode.c.h; path = LOLContact.h; sourceTree = "<group>"; };
		8CF39A75199AE29B00603EF4 /* LOLContact.m */ = {isa = PBXFileReference; fileEncoding = 4; lastKnownFileType = sourcecode.c.objc; path = LOLContact.m; sourceTree = "<group>"; };
		8CFFA0CE199EE1BF00849BE7 /* LOLContactFormViewControllerDelegate.h */ = {isa = PBXFileReference; lastKnownFileType = sourcecode.c.h; path = LOLContactFormViewControllerDelegate.h; sourceTree = "<group>"; };
		A80D3D21EAC14E4B92505416 /* libPods-Contacts.a */ = {isa = PBXFileReference; explicitFileType = archive.ar; includeInIndex = 0; path = "libPods-Contacts.a"; sourceTree = BUILT_PRODUCTS_DIR; };
		B72D8672A9D647D292C0E6DE /* Pods-Contacts.xcconfig */ = {isa = PBXFileReference; includeInIndex = 1; lastKnownFileType = text.xcconfig; name = "Pods-Contacts.xcconfig"; path = "Pods/Pods-Contacts.xcconfig"; sourceTree = "<group>"; };
/* End PBXFileReference section */

/* Begin PBXFrameworksBuildPhase section */
		8CF39A3A199ACCA200603EF4 /* Frameworks */ = {
			isa = PBXFrameworksBuildPhase;
			buildActionMask = 2147483647;
			files = (
				8CBA8F2319A56A1D0056C5DD /* MapKit.framework in Frameworks */,
				8CC4ACB119A2D46500D70ABE /* MessageUI.framework in Frameworks */,
				8CF39A43199ACCA200603EF4 /* CoreGraphics.framework in Frameworks */,
				8CF39A45199ACCA200603EF4 /* UIKit.framework in Frameworks */,
				8CF39A41199ACCA200603EF4 /* Foundation.framework in Frameworks */,
				C38A230ABAE84525B6098DE5 /* libPods-Contacts.a in Frameworks */,
			);
			runOnlyForDeploymentPostprocessing = 0;
		};
		8CF39A55199ACCA200603EF4 /* Frameworks */ = {
			isa = PBXFrameworksBuildPhase;
			buildActionMask = 2147483647;
			files = (
				8CF39A5A199ACCA200603EF4 /* XCTest.framework in Frameworks */,
				8CF39A5C199ACCA200603EF4 /* UIKit.framework in Frameworks */,
				8CF39A5B199ACCA200603EF4 /* Foundation.framework in Frameworks */,
			);
			runOnlyForDeploymentPostprocessing = 0;
		};
/* End PBXFrameworksBuildPhase section */

/* Begin PBXGroup section */
		8CF39A34199ACCA200603EF4 = {
			isa = PBXGroup;
			children = (
				8CF39A46199ACCA200603EF4 /* Contacts */,
				8CF39A5F199ACCA200603EF4 /* ContactsTests */,
				8CF39A3F199ACCA200603EF4 /* Frameworks */,
				8CF39A3E199ACCA200603EF4 /* Products */,
				B72D8672A9D647D292C0E6DE /* Pods-Contacts.xcconfig */,
			);
			sourceTree = "<group>";
		};
		8CF39A3E199ACCA200603EF4 /* Products */ = {
			isa = PBXGroup;
			children = (
				8CF39A3D199ACCA200603EF4 /* Contacts.app */,
				8CF39A58199ACCA200603EF4 /* ContactsTests.xctest */,
			);
			name = Products;
			sourceTree = "<group>";
		};
		8CF39A3F199ACCA200603EF4 /* Frameworks */ = {
			isa = PBXGroup;
			children = (
				8CBA8F2219A56A1D0056C5DD /* MapKit.framework */,
				8CC4ACB019A2D46500D70ABE /* MessageUI.framework */,
				8CF39A40199ACCA200603EF4 /* Foundation.framework */,
				8CF39A42199ACCA200603EF4 /* CoreGraphics.framework */,
				8CF39A44199ACCA200603EF4 /* UIKit.framework */,
				8CF39A59199ACCA200603EF4 /* XCTest.framework */,
				A80D3D21EAC14E4B92505416 /* libPods-Contacts.a */,
			);
			name = Frameworks;
			sourceTree = "<group>";
		};
		8CF39A46199ACCA200603EF4 /* Contacts */ = {
			isa = PBXGroup;
			children = (
				8CF39A6F199ACF8100603EF4 /* LOLContactFormViewController.h */,
				8CF39A70199ACF8100603EF4 /* LOLContactFormViewController.m */,
				8CB36D6B199C2033005804C4 /* LOLContactsListViewController.h */,
				8CB36D6C199C2033005804C4 /* LOLContactsListViewController.m */,
				8CFFA0CE199EE1BF00849BE7 /* LOLContactFormViewControllerDelegate.h */,
				8CF39A74199AE29B00603EF4 /* LOLContact.h */,
				8CF39A75199AE29B00603EF4 /* LOLContact.m */,
				8CF39A71199ACF8100603EF4 /* LOLContactFormViewController.xib */,
				8CBA8F1D19A5696B0056C5DD /* LOLContactOnMapViewController.h */,
				8CBA8F1E19A5696B0056C5DD /* LOLContactOnMapViewController.m */,
				8CBA8F1F19A5696B0056C5DD /* LOLContactOnMapViewController.xib */,
				8CF39A4F199ACCA200603EF4 /* LOLAppDelegate.h */,
				8CF39A50199ACCA200603EF4 /* LOLAppDelegate.m */,
				8CF39A52199ACCA200603EF4 /* Images.xcassets */,
				8CF39A47199ACCA200603EF4 /* Supporting Files */,
			);
			path = Contacts;
			sourceTree = "<group>";
		};
		8CF39A47199ACCA200603EF4 /* Supporting Files */ = {
			isa = PBXGroup;
			children = (
				8CF39A48199ACCA200603EF4 /* Contacts-Info.plist */,
				8CF39A49199ACCA200603EF4 /* InfoPlist.strings */,
				8CF39A4C199ACCA200603EF4 /* main.m */,
				8CF39A4E199ACCA200603EF4 /* Contacts-Prefix.pch */,
			);
			name = "Supporting Files";
			sourceTree = "<group>";
		};
		8CF39A5F199ACCA200603EF4 /* ContactsTests */ = {
			isa = PBXGroup;
			children = (
				8CF39A65199ACCA200603EF4 /* ContactsTests.m */,
				8CF39A60199ACCA200603EF4 /* Supporting Files */,
			);
			path = ContactsTests;
			sourceTree = "<group>";
		};
		8CF39A60199ACCA200603EF4 /* Supporting Files */ = {
			isa = PBXGroup;
			children = (
				8CF39A61199ACCA200603EF4 /* ContactsTests-Info.plist */,
				8CF39A62199ACCA200603EF4 /* InfoPlist.strings */,
			);
			name = "Supporting Files";
			sourceTree = "<group>";
		};
/* End PBXGroup section */

/* Begin PBXNativeTarget section */
		8CF39A3C199ACCA200603EF4 /* Contacts */ = {
			isa = PBXNativeTarget;
			buildConfigurationList = 8CF39A69199ACCA200603EF4 /* Build configuration list for PBXNativeTarget "Contacts" */;
			buildPhases = (
				19D051671AA14807B531B701 /* Check Pods Manifest.lock */,
				8CF39A39199ACCA200603EF4 /* Sources */,
				8CF39A3A199ACCA200603EF4 /* Frameworks */,
				8CF39A3B199ACCA200603EF4 /* Resources */,
				1809E3A832E947C08613583A /* Copy Pods Resources */,
			);
			buildRules = (
			);
			dependencies = (
			);
			name = Contacts;
			productName = Contacts;
			productReference = 8CF39A3D199ACCA200603EF4 /* Contacts.app */;
			productType = "com.apple.product-type.application";
		};
		8CF39A57199ACCA200603EF4 /* ContactsTests */ = {
			isa = PBXNativeTarget;
			buildConfigurationList = 8CF39A6C199ACCA200603EF4 /* Build configuration list for PBXNativeTarget "ContactsTests" */;
			buildPhases = (
				8CF39A54199ACCA200603EF4 /* Sources */,
				8CF39A55199ACCA200603EF4 /* Frameworks */,
				8CF39A56199ACCA200603EF4 /* Resources */,
			);
			buildRules = (
			);
			dependencies = (
				8CF39A5E199ACCA200603EF4 /* PBXTargetDependency */,
			);
			name = ContactsTests;
			productName = ContactsTests;
			productReference = 8CF39A58199ACCA200603EF4 /* ContactsTests.xctest */;
			productType = "com.apple.product-type.bundle.unit-test";
		};
/* End PBXNativeTarget section */

/* Begin PBXProject section */
		8CF39A35199ACCA200603EF4 /* Project object */ = {
			isa = PBXProject;
			attributes = {
				CLASSPREFIX = LOL;
				LastUpgradeCheck = 0510;
				ORGANIZATIONNAME = "Rafael França";
				TargetAttributes = {
					8CF39A57199ACCA200603EF4 = {
						TestTargetID = 8CF39A3C199ACCA200603EF4;
					};
				};
			};
			buildConfigurationList = 8CF39A38199ACCA200603EF4 /* Build configuration list for PBXProject "Contacts" */;
			compatibilityVersion = "Xcode 3.2";
			developmentRegion = English;
			hasScannedForEncodings = 0;
			knownRegions = (
				en,
			);
			mainGroup = 8CF39A34199ACCA200603EF4;
			productRefGroup = 8CF39A3E199ACCA200603EF4 /* Products */;
			projectDirPath = "";
			projectRoot = "";
			targets = (
				8CF39A3C199ACCA200603EF4 /* Contacts */,
				8CF39A57199ACCA200603EF4 /* ContactsTests */,
			);
		};
/* End PBXProject section */

/* Begin PBXResourcesBuildPhase section */
		8CF39A3B199ACCA200603EF4 /* Resources */ = {
			isa = PBXResourcesBuildPhase;
			buildActionMask = 2147483647;
			files = (
				8CF39A4B199ACCA200603EF4 /* InfoPlist.strings in Resources */,
				8CBA8F2119A5696B0056C5DD /* LOLContactOnMapViewController.xib in Resources */,
				8CF39A53199ACCA200603EF4 /* Images.xcassets in Resources */,
				8CF39A73199ACF8100603EF4 /* LOLContactFormViewController.xib in Resources */,
			);
			runOnlyForDeploymentPostprocessing = 0;
		};
		8CF39A56199ACCA200603EF4 /* Resources */ = {
			isa = PBXResourcesBuildPhase;
			buildActionMask = 2147483647;
			files = (
				8CF39A64199ACCA200603EF4 /* InfoPlist.strings in Resources */,
			);
			runOnlyForDeploymentPostprocessing = 0;
		};
/* End PBXResourcesBuildPhase section */

/* Begin PBXShellScriptBuildPhase section */
		1809E3A832E947C08613583A /* Copy Pods Resources */ = {
			isa = PBXShellScriptBuildPhase;
			buildActionMask = 2147483647;
			files = (
			);
			inputPaths = (
			);
			name = "Copy Pods Resources";
			outputPaths = (
			);
			runOnlyForDeploymentPostprocessing = 0;
			shellPath = /bin/sh;
			shellScript = "\"${SRCROOT}/Pods/Pods-Contacts-resources.sh\"\n";
			showEnvVarsInLog = 0;
		};
		19D051671AA14807B531B701 /* Check Pods Manifest.lock */ = {
			isa = PBXShellScriptBuildPhase;
			buildActionMask = 2147483647;
			files = (
			);
			inputPaths = (
			);
			name = "Check Pods Manifest.lock";
			outputPaths = (
			);
			runOnlyForDeploymentPostprocessing = 0;
			shellPath = /bin/sh;
			shellScript = "diff \"${PODS_ROOT}/../Podfile.lock\" \"${PODS_ROOT}/Manifest.lock\" > /dev/null\nif [[ $? != 0 ]] ; then\n    cat << EOM\nerror: The sandbox is not in sync with the Podfile.lock. Run 'pod install' or update your CocoaPods installation.\nEOM\n    exit 1\nfi\n";
			showEnvVarsInLog = 0;
		};
/* End PBXShellScriptBuildPhase section */

/* Begin PBXSourcesBuildPhase section */
		8CF39A39199ACCA200603EF4 /* Sources */ = {
			isa = PBXSourcesBuildPhase;
			buildActionMask = 2147483647;
			files = (
				8CF39A72199ACF8100603EF4 /* LOLContactFormViewController.m in Sources */,
				8CBA8F2019A5696B0056C5DD /* LOLContactOnMapViewController.m in Sources */,
				8CF39A51199ACCA200603EF4 /* LOLAppDelegate.m in Sources */,
				8CF39A76199AE29B00603EF4 /* LOLContact.m in Sources */,
				8CF39A4D199ACCA200603EF4 /* main.m in Sources */,
				8CB36D6D199C2033005804C4 /* LOLContactsListViewController.m in Sources */,
			);
			runOnlyForDeploymentPostprocessing = 0;
		};
		8CF39A54199ACCA200603EF4 /* Sources */ = {
			isa = PBXSourcesBuildPhase;
			buildActionMask = 2147483647;
			files = (
				8CF39A66199ACCA200603EF4 /* ContactsTests.m in Sources */,
			);
			runOnlyForDeploymentPostprocessing = 0;
		};
/* End PBXSourcesBuildPhase section */

/* Begin PBXTargetDependency section */
		8CF39A5E199ACCA200603EF4 /* PBXTargetDependency */ = {
			isa = PBXTargetDependency;
			target = 8CF39A3C199ACCA200603EF4 /* Contacts */;
			targetProxy = 8CF39A5D199ACCA200603EF4 /* PBXContainerItemProxy */;
		};
/* End PBXTargetDependency section */

/* Begin PBXVariantGroup section */
		8CF39A49199ACCA200603EF4 /* InfoPlist.strings */ = {
			isa = PBXVariantGroup;
			children = (
				8CF39A4A199ACCA200603EF4 /* en */,
			);
			name = InfoPlist.strings;
			sourceTree = "<group>";
		};
		8CF39A62199ACCA200603EF4 /* InfoPlist.strings */ = {
			isa = PBXVariantGroup;
			children = (
				8CF39A63199ACCA200603EF4 /* en */,
			);
			name = InfoPlist.strings;
			sourceTree = "<group>";
		};
/* End PBXVariantGroup section */

/* Begin XCBuildConfiguration section */
		8CF39A67199ACCA200603EF4 /* Debug */ = {
			isa = XCBuildConfiguration;
			buildSettings = {
				ALWAYS_SEARCH_USER_PATHS = NO;
				CLANG_CXX_LANGUAGE_STANDARD = "gnu++0x";
				CLANG_CXX_LIBRARY = "libc++";
				CLANG_ENABLE_MODULES = YES;
				CLANG_ENABLE_OBJC_ARC = YES;
				CLANG_WARN_BOOL_CONVERSION = YES;
				CLANG_WARN_CONSTANT_CONVERSION = YES;
				CLANG_WARN_DIRECT_OBJC_ISA_USAGE = YES_ERROR;
				CLANG_WARN_EMPTY_BODY = YES;
				CLANG_WARN_ENUM_CONVERSION = YES;
				CLANG_WARN_INT_CONVERSION = YES;
				CLANG_WARN_OBJC_ROOT_CLASS = YES_ERROR;
				CLANG_WARN__DUPLICATE_METHOD_MATCH = YES;
				"CODE_SIGN_IDENTITY[sdk=iphoneos*]" = "iPhone Developer";
				COPY_PHASE_STRIP = NO;
				GCC_C_LANGUAGE_STANDARD = gnu99;
				GCC_DYNAMIC_NO_PIC = NO;
				GCC_OPTIMIZATION_LEVEL = 0;
				GCC_PREPROCESSOR_DEFINITIONS = (
					"DEBUG=1",
					"$(inherited)",
				);
				GCC_SYMBOLS_PRIVATE_EXTERN = NO;
				GCC_WARN_64_TO_32_BIT_CONVERSION = YES;
				GCC_WARN_ABOUT_RETURN_TYPE = YES_ERROR;
				GCC_WARN_UNDECLARED_SELECTOR = YES;
				GCC_WARN_UNINITIALIZED_AUTOS = YES_AGGRESSIVE;
				GCC_WARN_UNUSED_FUNCTION = YES;
				GCC_WARN_UNUSED_VARIABLE = YES;
				IPHONEOS_DEPLOYMENT_TARGET = 7.1;
				ONLY_ACTIVE_ARCH = YES;
				SDKROOT = iphoneos;
			};
			name = Debug;
		};
		8CF39A68199ACCA200603EF4 /* Release */ = {
			isa = XCBuildConfiguration;
			buildSettings = {
				ALWAYS_SEARCH_USER_PATHS = NO;
				CLANG_CXX_LANGUAGE_STANDARD = "gnu++0x";
				CLANG_CXX_LIBRARY = "libc++";
				CLANG_ENABLE_MODULES = YES;
				CLANG_ENABLE_OBJC_ARC = YES;
				CLANG_WARN_BOOL_CONVERSION = YES;
				CLANG_WARN_CONSTANT_CONVERSION = YES;
				CLANG_WARN_DIRECT_OBJC_ISA_USAGE = YES_ERROR;
				CLANG_WARN_EMPTY_BODY = YES;
				CLANG_WARN_ENUM_CONVERSION = YES;
				CLANG_WARN_INT_CONVERSION = YES;
				CLANG_WARN_OBJC_ROOT_CLASS = YES_ERROR;
				CLANG_WARN__DUPLICATE_METHOD_MATCH = YES;
				"CODE_SIGN_IDENTITY[sdk=iphoneos*]" = "iPhone Developer";
				COPY_PHASE_STRIP = YES;
				ENABLE_NS_ASSERTIONS = NO;
				GCC_C_LANGUAGE_STANDARD = gnu99;
				GCC_WARN_64_TO_32_BIT_CONVERSION = YES;
				GCC_WARN_ABOUT_RETURN_TYPE = YES_ERROR;
				GCC_WARN_UNDECLARED_SELECTOR = YES;
				GCC_WARN_UNINITIALIZED_AUTOS = YES_AGGRESSIVE;
				GCC_WARN_UNUSED_FUNCTION = YES;
				GCC_WARN_UNUSED_VARIABLE = YES;
				IPHONEOS_DEPLOYMENT_TARGET = 7.1;
				SDKROOT = iphoneos;
				VALIDATE_PRODUCT = YES;
			};
			name = Release;
		};
		8CF39A6A199ACCA200603EF4 /* Debug */ = {
			isa = XCBuildConfiguration;
			baseConfigurationReference = B72D8672A9D647D292C0E6DE /* Pods-Contacts.xcconfig */;
			buildSettings = {
				ASSETCATALOG_COMPILER_APPICON_NAME = AppIcon;
				ASSETCATALOG_COMPILER_LAUNCHIMAGE_NAME = LaunchImage;
				GCC_PRECOMPILE_PREFIX_HEADER = YES;
				GCC_PREFIX_HEADER = "Contacts/Contacts-Prefix.pch";
				INFOPLIST_FILE = "Contacts/Contacts-Info.plist";
				PRODUCT_NAME = "$(TARGET_NAME)";
				WRAPPER_EXTENSION = app;
			};
			name = Debug;
		};
		8CF39A6B199ACCA200603EF4 /* Release */ = {
			isa = XCBuildConfiguration;
			baseConfigurationReference = B72D8672A9D647D292C0E6DE /* Pods-Contacts.xcconfig */;
			buildSettings = {
				ASSETCATALOG_COMPILER_APPICON_NAME = AppIcon;
				ASSETCATALOG_COMPILER_LAUNCHIMAGE_NAME = LaunchImage;
				GCC_PRECOMPILE_PREFIX_HEADER = YES;
				GCC_PREFIX_HEADER = "Contacts/Contacts-Prefix.pch";
				INFOPLIST_FILE = "Contacts/Contacts-Info.plist";
				PRODUCT_NAME = "$(TARGET_NAME)";
				WRAPPER_EXTENSION = app;
			};
			name = Release;
		};
		8CF39A6D199ACCA200603EF4 /* Debug */ = {
			isa = XCBuildConfiguration;
			buildSettings = {
				BUNDLE_LOADER = "$(BUILT_PRODUCTS_DIR)/Contacts.app/Contacts";
				FRAMEWORK_SEARCH_PATHS = (
					"$(SDKROOT)/Developer/Library/Frameworks",
					"$(inherited)",
					"$(DEVELOPER_FRAMEWORKS_DIR)",
				);
				GCC_PRECOMPILE_PREFIX_HEADER = YES;
				GCC_PREFIX_HEADER = "Contacts/Contacts-Prefix.pch";
				GCC_PREPROCESSOR_DEFINITIONS = (
					"DEBUG=1",
					"$(inherited)",
				);
				INFOPLIST_FILE = "ContactsTests/ContactsTests-Info.plist";
				PRODUCT_NAME = "$(TARGET_NAME)";
				TEST_HOST = "$(BUNDLE_LOADER)";
				WRAPPER_EXTENSION = xctest;
			};
			name = Debug;
		};
		8CF39A6E199ACCA200603EF4 /* Release */ = {
			isa = XCBuildConfiguration;
			buildSettings = {
				BUNDLE_LOADER = "$(BUILT_PRODUCTS_DIR)/Contacts.app/Contacts";
				FRAMEWORK_SEARCH_PATHS = (
					"$(SDKROOT)/Developer/Library/Frameworks",
					"$(inherited)",
					"$(DEVELOPER_FRAMEWORKS_DIR)",
				);
				GCC_PRECOMPILE_PREFIX_HEADER = YES;
				GCC_PREFIX_HEADER = "Contacts/Contacts-Prefix.pch";
				INFOPLIST_FILE = "ContactsTests/ContactsTests-Info.plist";
				PRODUCT_NAME = "$(TARGET_NAME)";
				TEST_HOST = "$(BUNDLE_LOADER)";
				WRAPPER_EXTENSION = xctest;
			};
			name = Release;
		};
/* End XCBuildConfiguration section */

/* Begin XCConfigurationList section */
		8CF39A38199ACCA200603EF4 /* Build configuration list for PBXProject "Contacts" */ = {
			isa = XCConfigurationList;
			buildConfigurations = (
				8CF39A67199ACCA200603EF4 /* Debug */,
				8CF39A68199ACCA200603EF4 /* Release */,
			);
			defaultConfigurationIsVisible = 0;
			defaultConfigurationName = Release;
		};
		8CF39A69199ACCA200603EF4 /* Build configuration list for PBXNativeTarget "Contacts" */ = {
			isa = XCConfigurationList;
			buildConfigurations = (
				8CF39A6A199ACCA200603EF4 /* Debug */,
				8CF39A6B199ACCA200603EF4 /* Release */,
			);
			defaultConfigurationIsVisible = 0;
			defaultConfigurationName = Release;
		};
		8CF39A6C199ACCA200603EF4 /* Build configuration list for PBXNativeTarget "ContactsTests" */ = {
			isa = XCConfigurationList;
			buildConfigurations = (
				8CF39A6D199ACCA200603EF4 /* Debug */,
				8CF39A6E199ACCA200603EF4 /* Release */,
			);
			defaultConfigurationIsVisible = 0;
			defaultConfigurationName = Release;
		};
/* End XCConfigurationList section */
	};
	rootObject = 8CF39A35199ACCA200603EF4 /* Project object */;
}
